// !$*UTF8*$!
{
	archiveVersion = 1;
	classes = {
	};
	objectVersion = 46;
	objects = {

/* Begin PBXBuildFile section */
		374C33A61F29C7BE00B8C37D /* MainTabBarViewController.swift in Sources */ = {isa = PBXBuildFile; fileRef = 374C33A51F29C7BE00B8C37D /* MainTabBarViewController.swift */; };
		374C33A81F29C85C00B8C37D /* UdacityDataModel.swift in Sources */ = {isa = PBXBuildFile; fileRef = 374C33A71F29C85C00B8C37D /* UdacityDataModel.swift */; };
		374C33AB1F29C9FB00B8C37D /* UdacityProfile.swift in Sources */ = {isa = PBXBuildFile; fileRef = 374C33AA1F29C9FB00B8C37D /* UdacityProfile.swift */; };
		374C33AD1F29F78B00B8C37D /* LoginViewController.swift in Sources */ = {isa = PBXBuildFile; fileRef = 374C33AC1F29F78B00B8C37D /* LoginViewController.swift */; };
		374C33B11F29F7C200B8C37D /* MapUrtls.swift in Sources */ = {isa = PBXBuildFile; fileRef = 374C33B01F29F7C200B8C37D /* MapUrtls.swift */; };
		37CAD55C1F290F3E003960D9 /* JSONObject.swift in Sources */ = {isa = PBXBuildFile; fileRef = 37CAD55A1F290F3E003960D9 /* JSONObject.swift */; };
		37CAD55F1F2916F5003960D9 /* ListTableTableViewController.swift in Sources */ = {isa = PBXBuildFile; fileRef = 37CAD55E1F2916F5003960D9 /* ListTableTableViewController.swift */; };
		37CAD5611F29197E003960D9 /* UdacityStudent.swift in Sources */ = {isa = PBXBuildFile; fileRef = 37CAD5601F29197E003960D9 /* UdacityStudent.swift */; };
		37CF96561F2A180E005F587D /* PostLocationViewController.swift in Sources */ = {isa = PBXBuildFile; fileRef = 37CF96551F2A180E005F587D /* PostLocationViewController.swift */; };
		37CF965B1F2A1F2B005F587D /* EnterLinkMapViewControler.swift in Sources */ = {isa = PBXBuildFile; fileRef = 37CF965A1F2A1F2B005F587D /* EnterLinkMapViewControler.swift */; };
		37F8DF7F1F2BE1BC00BD9AAC /* LoginHelper.swift in Sources */ = {isa = PBXBuildFile; fileRef = 37F8DF7E1F2BE1BC00BD9AAC /* LoginHelper.swift */; };
		9E2F67161F28ED6600586CDD /* AppDelegate.swift in Sources */ = {isa = PBXBuildFile; fileRef = 9E2F67151F28ED6600586CDD /* AppDelegate.swift */; };
		9E2F67181F28ED6600586CDD /* MapViewController.swift in Sources */ = {isa = PBXBuildFile; fileRef = 9E2F67171F28ED6600586CDD /* MapViewController.swift */; };
		9E2F671B1F28ED6600586CDD /* Main.storyboard in Resources */ = {isa = PBXBuildFile; fileRef = 9E2F67191F28ED6600586CDD /* Main.storyboard */; };
		9E2F671E1F28ED6600586CDD /* OnTheMap.xcdatamodeld in Sources */ = {isa = PBXBuildFile; fileRef = 9E2F671C1F28ED6600586CDD /* OnTheMap.xcdatamodeld */; };
		9E2F67201F28ED6600586CDD /* Assets.xcassets in Resources */ = {isa = PBXBuildFile; fileRef = 9E2F671F1F28ED6600586CDD /* Assets.xcassets */; };
		9E2F67231F28ED6600586CDD /* LaunchScreen.storyboard in Resources */ = {isa = PBXBuildFile; fileRef = 9E2F67211F28ED6600586CDD /* LaunchScreen.storyboard */; };
		9E2F672E1F28ED6600586CDD /* OnTheMapUITests.swift in Sources */ = {isa = PBXBuildFile; fileRef = 9E2F672D1F28ED6600586CDD /* OnTheMapUITests.swift */; };
		9E2F67411F29091600586CDD /* UdacityAPIHelper.swift in Sources */ = {isa = PBXBuildFile; fileRef = 9E2F67401F29091600586CDD /* UdacityAPIHelper.swift */; };
		9E2F67451F290A9D00586CDD /* RequestsHelper.swift in Sources */ = {isa = PBXBuildFile; fileRef = 9E2F67441F290A9D00586CDD /* RequestsHelper.swift */; };
/* End PBXBuildFile section */

/* Begin PBXContainerItemProxy section */
		9E2F672A1F28ED6600586CDD /* PBXContainerItemProxy */ = {
			isa = PBXContainerItemProxy;
			containerPortal = 9E2F670A1F28ED6500586CDD /* Project object */;
			proxyType = 1;
			remoteGlobalIDString = 9E2F67111F28ED6500586CDD;
			remoteInfo = OnTheMap;
		};
/* End PBXContainerItemProxy section */

/* Begin PBXFileReference section */
		374C33A51F29C7BE00B8C37D /* MainTabBarViewController.swift */ = {isa = PBXFileReference; fileEncoding = 4; lastKnownFileType = sourcecode.swift; path = MainTabBarViewController.swift; sourceTree = "<group>"; };
		374C33A71F29C85C00B8C37D /* UdacityDataModel.swift */ = {isa = PBXFileReference; fileEncoding = 4; lastKnownFileType = sourcecode.swift; path = UdacityDataModel.swift; sourceTree = "<group>"; };
		374C33AA1F29C9FB00B8C37D /* UdacityProfile.swift */ = {isa = PBXFileReference; fileEncoding = 4; lastKnownFileType = sourcecode.swift; path = UdacityProfile.swift; sourceTree = "<group>"; };
		374C33AC1F29F78B00B8C37D /* LoginViewController.swift */ = {isa = PBXFileReference; fileEncoding = 4; lastKnownFileType = sourcecode.swift; path = LoginViewController.swift; sourceTree = "<group>"; };
		374C33B01F29F7C200B8C37D /* MapUrtls.swift */ = {isa = PBXFileReference; fileEncoding = 4; lastKnownFileType = sourcecode.swift; path = MapUrtls.swift; sourceTree = "<group>"; };
		37CAD55A1F290F3E003960D9 /* JSONObject.swift */ = {isa = PBXFileReference; fileEncoding = 4; lastKnownFileType = sourcecode.swift; path = JSONObject.swift; sourceTree = "<group>"; };
		37CAD55E1F2916F5003960D9 /* ListTableTableViewController.swift */ = {isa = PBXFileReference; fileEncoding = 4; lastKnownFileType = sourcecode.swift; path = ListTableTableViewController.swift; sourceTree = "<group>"; };
		37CAD5601F29197E003960D9 /* UdacityStudent.swift */ = {isa = PBXFileReference; fileEncoding = 4; lastKnownFileType = sourcecode.swift; path = UdacityStudent.swift; sourceTree = "<group>"; };
		37CF96551F2A180E005F587D /* PostLocationViewController.swift */ = {isa = PBXFileReference; fileEncoding = 4; lastKnownFileType = sourcecode.swift; path = PostLocationViewController.swift; sourceTree = "<group>"; };
		37CF965A1F2A1F2B005F587D /* EnterLinkMapViewControler.swift */ = {isa = PBXFileReference; fileEncoding = 4; lastKnownFileType = sourcecode.swift; path = EnterLinkMapViewControler.swift; sourceTree = "<group>"; };
		37F8DF7E1F2BE1BC00BD9AAC /* LoginHelper.swift */ = {isa = PBXFileReference; fileEncoding = 4; lastKnownFileType = sourcecode.swift; path = LoginHelper.swift; sourceTree = "<group>"; };
		9E2F67121F28ED6600586CDD /* OnTheMap.app */ = {isa = PBXFileReference; explicitFileType = wrapper.application; includeInIndex = 0; path = OnTheMap.app; sourceTree = BUILT_PRODUCTS_DIR; };
		9E2F67151F28ED6600586CDD /* AppDelegate.swift */ = {isa = PBXFileReference; lastKnownFileType = sourcecode.swift; path = AppDelegate.swift; sourceTree = "<group>"; };
		9E2F67171F28ED6600586CDD /* MapViewController.swift */ = {isa = PBXFileReference; lastKnownFileType = sourcecode.swift; path = MapViewController.swift; sourceTree = "<group>"; };
		9E2F671A1F28ED6600586CDD /* Base */ = {isa = PBXFileReference; lastKnownFileType = file.storyboard; name = Base; path = Base.lproj/Main.storyboard; sourceTree = "<group>"; };
		9E2F671D1F28ED6600586CDD /* OnTheMap.xcdatamodel */ = {isa = PBXFileReference; lastKnownFileType = wrapper.xcdatamodel; path = OnTheMap.xcdatamodel; sourceTree = "<group>"; };
		9E2F671F1F28ED6600586CDD /* Assets.xcassets */ = {isa = PBXFileReference; lastKnownFileType = folder.assetcatalog; path = Assets.xcassets; sourceTree = "<group>"; };
		9E2F67221F28ED6600586CDD /* Base */ = {isa = PBXFileReference; lastKnownFileType = file.storyboard; name = Base; path = Base.lproj/LaunchScreen.storyboard; sourceTree = "<group>"; };
		9E2F67241F28ED6600586CDD /* Info.plist */ = {isa = PBXFileReference; lastKnownFileType = text.plist.xml; path = Info.plist; sourceTree = "<group>"; };
		9E2F67291F28ED6600586CDD /* OnTheMapUITests.xctest */ = {isa = PBXFileReference; explicitFileType = wrapper.cfbundle; includeInIndex = 0; path = OnTheMapUITests.xctest; sourceTree = BUILT_PRODUCTS_DIR; };
		9E2F672D1F28ED6600586CDD /* OnTheMapUITests.swift */ = {isa = PBXFileReference; lastKnownFileType = sourcecode.swift; path = OnTheMapUITests.swift; sourceTree = "<group>"; };
		9E2F672F1F28ED6600586CDD /* Info.plist */ = {isa = PBXFileReference; lastKnownFileType = text.plist.xml; path = Info.plist; sourceTree = "<group>"; };
		9E2F67401F29091600586CDD /* UdacityAPIHelper.swift */ = {isa = PBXFileReference; fileEncoding = 4; lastKnownFileType = sourcecode.swift; path = UdacityAPIHelper.swift; sourceTree = "<group>"; };
		9E2F67441F290A9D00586CDD /* RequestsHelper.swift */ = {isa = PBXFileReference; fileEncoding = 4; lastKnownFileType = sourcecode.swift; path = RequestsHelper.swift; sourceTree = "<group>"; };
/* End PBXFileReference section */

/* Begin PBXFrameworksBuildPhase section */
		9E2F670F1F28ED6500586CDD /* Frameworks */ = {
			isa = PBXFrameworksBuildPhase;
			buildActionMask = 2147483647;
			files = (
			);
			runOnlyForDeploymentPostprocessing = 0;
		};
		9E2F67261F28ED6600586CDD /* Frameworks */ = {
			isa = PBXFrameworksBuildPhase;
			buildActionMask = 2147483647;
			files = (
			);
			runOnlyForDeploymentPostprocessing = 0;
		};
/* End PBXFrameworksBuildPhase section */

/* Begin PBXGroup section */
		374C33AE1F29F7AD00B8C37D /* MapUtils */ = {
			isa = PBXGroup;
			children = (
				374C33B01F29F7C200B8C37D /* MapUrtls.swift */,
			);
			name = MapUtils;
			sourceTree = "<group>";
		};
		37CF96571F2A1893005F587D /* Main */ = {
			isa = PBXGroup;
			children = (
				374C33A51F29C7BE00B8C37D /* MainTabBarViewController.swift */,
				9E2F67171F28ED6600586CDD /* MapViewController.swift */,
				37CAD55E1F2916F5003960D9 /* ListTableTableViewController.swift */,
			);
			name = Main;
			sourceTree = "<group>";
		};
		37CF96581F2A189E005F587D /* Login */ = {
			isa = PBXGroup;
			children = (
				374C33AC1F29F78B00B8C37D /* LoginViewController.swift */,
			);
			name = Login;
			sourceTree = "<group>";
		};
		37CF96591F2A18A2005F587D /* Post */ = {
			isa = PBXGroup;
			children = (
				37CF96551F2A180E005F587D /* PostLocationViewController.swift */,
				37CF965A1F2A1F2B005F587D /* EnterLinkMapViewControler.swift */,
			);
			name = Post;
			sourceTree = "<group>";
		};
		9E2F67091F28ED6500586CDD = {
			isa = PBXGroup;
			children = (
				9E2F67141F28ED6600586CDD /* OnTheMap */,
				9E2F672C1F28ED6600586CDD /* OnTheMapUITests */,
				9E2F67131F28ED6600586CDD /* Products */,
			);
			sourceTree = "<group>";
		};
		9E2F67131F28ED6600586CDD /* Products */ = {
			isa = PBXGroup;
			children = (
				9E2F67121F28ED6600586CDD /* OnTheMap.app */,
				9E2F67291F28ED6600586CDD /* OnTheMapUITests.xctest */,
			);
			name = Products;
			sourceTree = "<group>";
		};
		9E2F67141F28ED6600586CDD /* OnTheMap */ = {
			isa = PBXGroup;
			children = (
				9E2F67151F28ED6600586CDD /* AppDelegate.swift */,
				9E2F673B1F28EF0C00586CDD /* Model */,
				9E2F67391F28EEDF00586CDD /* Controller */,
				9E2F67381F28EED900586CDD /* View */,
				9E2F673A1F28EEE600586CDD /* Supporting files */,
			);
			path = OnTheMap;
			sourceTree = "<group>";
		};
		9E2F672C1F28ED6600586CDD /* OnTheMapUITests */ = {
			isa = PBXGroup;
			children = (
				9E2F672D1F28ED6600586CDD /* OnTheMapUITests.swift */,
				9E2F672F1F28ED6600586CDD /* Info.plist */,
			);
			path = OnTheMapUITests;
			sourceTree = "<group>";
		};
		9E2F67381F28EED900586CDD /* View */ = {
			isa = PBXGroup;
			children = (
				9E2F67191F28ED6600586CDD /* Main.storyboard */,
				9E2F671F1F28ED6600586CDD /* Assets.xcassets */,
				9E2F67211F28ED6600586CDD /* LaunchScreen.storyboard */,
			);
			name = View;
			sourceTree = "<group>";
		};
		9E2F67391F28EEDF00586CDD /* Controller */ = {
			isa = PBXGroup;
			children = (
				374C33AE1F29F7AD00B8C37D /* MapUtils */,
				9E2F67431F290A5E00586CDD /* NetworkControllers */,
				9E2F67421F290A4C00586CDD /* ViewControllers */,
			);
			name = Controller;
			sourceTree = "<group>";
		};
		9E2F673A1F28EEE600586CDD /* Supporting files */ = {
			isa = PBXGroup;
			children = (
				9E2F67241F28ED6600586CDD /* Info.plist */,
				9E2F671C1F28ED6600586CDD /* OnTheMap.xcdatamodeld */,
			);
			name = "Supporting files";
			sourceTree = "<group>";
		};
		9E2F673B1F28EF0C00586CDD /* Model */ = {
			isa = PBXGroup;
			children = (
				9E2F673F1F2908FA00586CDD /* Objects */,
				9E2F673C1F2908E300586CDD /* Client */,
			);
			name = Model;
			sourceTree = "<group>";
		};
		9E2F673C1F2908E300586CDD /* Client */ = {
			isa = PBXGroup;
			children = (
				9E2F673E1F2908F300586CDD /* Facebook */,
				9E2F673D1F2908EF00586CDD /* Udacity */,
			);
			name = Client;
			sourceTree = "<group>";
		};
		9E2F673D1F2908EF00586CDD /* Udacity */ = {
			isa = PBXGroup;
			children = (
				9E2F67401F29091600586CDD /* UdacityAPIHelper.swift */,
				37CAD5601F29197E003960D9 /* UdacityStudent.swift */,
				374C33A71F29C85C00B8C37D /* UdacityDataModel.swift */,
				374C33AA1F29C9FB00B8C37D /* UdacityProfile.swift */,
			);
			name = Udacity;
			sourceTree = "<group>";
		};
		9E2F673E1F2908F300586CDD /* Facebook */ = {
			isa = PBXGroup;
			children = (
			);
			name = Facebook;
			sourceTree = "<group>";
		};
		9E2F673F1F2908FA00586CDD /* Objects */ = {
			isa = PBXGroup;
			children = (
			);
			name = Objects;
			sourceTree = "<group>";
		};
		9E2F67421F290A4C00586CDD /* ViewControllers */ = {
			isa = PBXGroup;
			children = (
				37CF96581F2A189E005F587D /* Login */,
				37CF96571F2A1893005F587D /* Main */,
				37CF96591F2A18A2005F587D /* Post */,
			);
			name = ViewControllers;
			sourceTree = "<group>";
		};
		9E2F67431F290A5E00586CDD /* NetworkControllers */ = {
			isa = PBXGroup;
			children = (
				37F8DF7E1F2BE1BC00BD9AAC /* LoginHelper.swift */,
				9E2F67441F290A9D00586CDD /* RequestsHelper.swift */,
				37CAD55A1F290F3E003960D9 /* JSONObject.swift */,
			);
			name = NetworkControllers;
			sourceTree = "<group>";
		};
/* End PBXGroup section */

/* Begin PBXNativeTarget section */
		9E2F67111F28ED6500586CDD /* OnTheMap */ = {
			isa = PBXNativeTarget;
			buildConfigurationList = 9E2F67321F28ED6600586CDD /* Build configuration list for PBXNativeTarget "OnTheMap" */;
			buildPhases = (
				9E2F670E1F28ED6500586CDD /* Sources */,
				9E2F670F1F28ED6500586CDD /* Frameworks */,
				9E2F67101F28ED6500586CDD /* Resources */,
			);
			buildRules = (
			);
			dependencies = (
			);
			name = OnTheMap;
			productName = OnTheMap;
			productReference = 9E2F67121F28ED6600586CDD /* OnTheMap.app */;
			productType = "com.apple.product-type.application";
		};
		9E2F67281F28ED6600586CDD /* OnTheMapUITests */ = {
			isa = PBXNativeTarget;
			buildConfigurationList = 9E2F67351F28ED6600586CDD /* Build configuration list for PBXNativeTarget "OnTheMapUITests" */;
			buildPhases = (
				9E2F67251F28ED6600586CDD /* Sources */,
				9E2F67261F28ED6600586CDD /* Frameworks */,
				9E2F67271F28ED6600586CDD /* Resources */,
			);
			buildRules = (
			);
			dependencies = (
				9E2F672B1F28ED6600586CDD /* PBXTargetDependency */,
			);
			name = OnTheMapUITests;
			productName = OnTheMapUITests;
			productReference = 9E2F67291F28ED6600586CDD /* OnTheMapUITests.xctest */;
			productType = "com.apple.product-type.bundle.ui-testing";
		};
/* End PBXNativeTarget section */

/* Begin PBXProject section */
		9E2F670A1F28ED6500586CDD /* Project object */ = {
			isa = PBXProject;
			attributes = {
				LastSwiftUpdateCheck = 0820;
				LastUpgradeCheck = 0820;
				ORGANIZATIONNAME = Vadim;
				TargetAttributes = {
					9E2F67111F28ED6500586CDD = {
						CreatedOnToolsVersion = 8.2.1;
						ProvisioningStyle = Manual;
					};
					9E2F67281F28ED6600586CDD = {
						CreatedOnToolsVersion = 8.2.1;
						DevelopmentTeam = 4C92LB6539;
						ProvisioningStyle = Automatic;
						TestTargetID = 9E2F67111F28ED6500586CDD;
					};
				};
			};
			buildConfigurationList = 9E2F670D1F28ED6500586CDD /* Build configuration list for PBXProject "OnTheMap" */;
			compatibilityVersion = "Xcode 3.2";
			developmentRegion = English;
			hasScannedForEncodings = 0;
			knownRegions = (
				en,
				Base,
			);
			mainGroup = 9E2F67091F28ED6500586CDD;
			productRefGroup = 9E2F67131F28ED6600586CDD /* Products */;
			projectDirPath = "";
			projectRoot = "";
			targets = (
				9E2F67111F28ED6500586CDD /* OnTheMap */,
				9E2F67281F28ED6600586CDD /* OnTheMapUITests */,
			);
		};
/* End PBXProject section */

/* Begin PBXResourcesBuildPhase section */
		9E2F67101F28ED6500586CDD /* Resources */ = {
			isa = PBXResourcesBuildPhase;
			buildActionMask = 2147483647;
			files = (
				9E2F67231F28ED6600586CDD /* LaunchScreen.storyboard in Resources */,
				9E2F67201F28ED6600586CDD /* Assets.xcassets in Resources */,
				9E2F671B1F28ED6600586CDD /* Main.storyboard in Resources */,
			);
			runOnlyForDeploymentPostprocessing = 0;
		};
		9E2F67271F28ED6600586CDD /* Resources */ = {
			isa = PBXResourcesBuildPhase;
			buildActionMask = 2147483647;
			files = (
			);
			runOnlyForDeploymentPostprocessing = 0;
		};
/* End PBXResourcesBuildPhase section */

/* Begin PBXSourcesBuildPhase section */
		9E2F670E1F28ED6500586CDD /* Sources */ = {
			isa = PBXSourcesBuildPhase;
			buildActionMask = 2147483647;
			files = (
				37CF965B1F2A1F2B005F587D /* EnterLinkMapViewControler.swift in Sources */,
				374C33B11F29F7C200B8C37D /* MapUrtls.swift in Sources */,
				374C33AD1F29F78B00B8C37D /* LoginViewController.swift in Sources */,
				37CAD55F1F2916F5003960D9 /* ListTableTableViewController.swift in Sources */,
				9E2F67411F29091600586CDD /* UdacityAPIHelper.swift in Sources */,
				37F8DF7F1F2BE1BC00BD9AAC /* LoginHelper.swift in Sources */,
				37CAD5611F29197E003960D9 /* UdacityStudent.swift in Sources */,
				374C33A81F29C85C00B8C37D /* UdacityDataModel.swift in Sources */,
				374C33A61F29C7BE00B8C37D /* MainTabBarViewController.swift in Sources */,
				374C33AB1F29C9FB00B8C37D /* UdacityProfile.swift in Sources */,
				9E2F67451F290A9D00586CDD /* RequestsHelper.swift in Sources */,
				9E2F671E1F28ED6600586CDD /* OnTheMap.xcdatamodeld in Sources */,
				9E2F67181F28ED6600586CDD /* MapViewController.swift in Sources */,
				9E2F67161F28ED6600586CDD /* AppDelegate.swift in Sources */,
				37CF96561F2A180E005F587D /* PostLocationViewController.swift in Sources */,
				37CAD55C1F290F3E003960D9 /* JSONObject.swift in Sources */,
			);
			runOnlyForDeploymentPostprocessing = 0;
		};
		9E2F67251F28ED6600586CDD /* Sources */ = {
			isa = PBXSourcesBuildPhase;
			buildActionMask = 2147483647;
			files = (
				9E2F672E1F28ED6600586CDD /* OnTheMapUITests.swift in Sources */,
			);
			runOnlyForDeploymentPostprocessing = 0;
		};
/* End PBXSourcesBuildPhase section */

/* Begin PBXTargetDependency section */
		9E2F672B1F28ED6600586CDD /* PBXTargetDependency */ = {
			isa = PBXTargetDependency;
			target = 9E2F67111F28ED6500586CDD /* OnTheMap */;
			targetProxy = 9E2F672A1F28ED6600586CDD /* PBXContainerItemProxy */;
		};
/* End PBXTargetDependency section */

/* Begin PBXVariantGroup section */
		9E2F67191F28ED6600586CDD /* Main.storyboard */ = {
			isa = PBXVariantGroup;
			children = (
				9E2F671A1F28ED6600586CDD /* Base */,
			);
			name = Main.storyboard;
			sourceTree = "<group>";
		};
		9E2F67211F28ED6600586CDD /* LaunchScreen.storyboard */ = {
			isa = PBXVariantGroup;
			children = (
				9E2F67221F28ED6600586CDD /* Base */,
			);
			name = LaunchScreen.storyboard;
			sourceTree = "<group>";
		};
/* End PBXVariantGroup section */

/* Begin XCBuildConfiguration section */
		9E2F67301F28ED6600586CDD /* Debug */ = {
			isa = XCBuildConfiguration;
			buildSettings = {
				ALWAYS_SEARCH_USER_PATHS = NO;
				CLANG_ANALYZER_NONNULL = YES;
				CLANG_CXX_LANGUAGE_STANDARD = "gnu++0x";
				CLANG_CXX_LIBRARY = "libc++";
				CLANG_ENABLE_MODULES = YES;
				CLANG_ENABLE_OBJC_ARC = YES;
				CLANG_WARN_BOOL_CONVERSION = YES;
				CLANG_WARN_CONSTANT_CONVERSION = YES;
				CLANG_WARN_DIRECT_OBJC_ISA_USAGE = YES_ERROR;
				CLANG_WARN_DOCUMENTATION_COMMENTS = YES;
				CLANG_WARN_EMPTY_BODY = YES;
				CLANG_WARN_ENUM_CONVERSION = YES;
				CLANG_WARN_INFINITE_RECURSION = YES;
				CLANG_WARN_INT_CONVERSION = YES;
				CLANG_WARN_OBJC_ROOT_CLASS = YES_ERROR;
				CLANG_WARN_SUSPICIOUS_MOVE = YES;
				CLANG_WARN_UNREACHABLE_CODE = YES;
				CLANG_WARN__DUPLICATE_METHOD_MATCH = YES;
				"CODE_SIGN_IDENTITY[sdk=iphoneos*]" = "iPhone Developer";
				COPY_PHASE_STRIP = NO;
				DEBUG_INFORMATION_FORMAT = dwarf;
				ENABLE_STRICT_OBJC_MSGSEND = YES;
				ENABLE_TESTABILITY = YES;
				GCC_C_LANGUAGE_STANDARD = gnu99;
				GCC_DYNAMIC_NO_PIC = NO;
				GCC_NO_COMMON_BLOCKS = YES;
				GCC_OPTIMIZATION_LEVEL = 0;
				GCC_PREPROCESSOR_DEFINITIONS = (
					"DEBUG=1",
					"$(inherited)",
				);
				GCC_WARN_64_TO_32_BIT_CONVERSION = YES;
				GCC_WARN_ABOUT_RETURN_TYPE = YES_ERROR;
				GCC_WARN_UNDECLARED_SELECTOR = YES;
				GCC_WARN_UNINITIALIZED_AUTOS = YES_AGGRESSIVE;
				GCC_WARN_UNUSED_FUNCTION = YES;
				GCC_WARN_UNUSED_VARIABLE = YES;
				IPHONEOS_DEPLOYMENT_TARGET = 10.2;
				MTL_ENABLE_DEBUG_INFO = YES;
				ONLY_ACTIVE_ARCH = YES;
				SDKROOT = iphoneos;
				SWIFT_ACTIVE_COMPILATION_CONDITIONS = DEBUG;
				SWIFT_OPTIMIZATION_LEVEL = "-Onone";
				TARGETED_DEVICE_FAMILY = "1,2";
			};
			name = Debug;
		};
		9E2F67311F28ED6600586CDD /* Release */ = {
			isa = XCBuildConfiguration;
			buildSettings = {
				ALWAYS_SEARCH_USER_PATHS = NO;
				CLANG_ANALYZER_NONNULL = YES;
				CLANG_CXX_LANGUAGE_STANDARD = "gnu++0x";
				CLANG_CXX_LIBRARY = "libc++";
				CLANG_ENABLE_MODULES = YES;
				CLANG_ENABLE_OBJC_ARC = YES;
				CLANG_WARN_BOOL_CONVERSION = YES;
				CLANG_WARN_CONSTANT_CONVERSION = YES;
				CLANG_WARN_DIRECT_OBJC_ISA_USAGE = YES_ERROR;
				CLANG_WARN_DOCUMENTATION_COMMENTS = YES;
				CLANG_WARN_EMPTY_BODY = YES;
				CLANG_WARN_ENUM_CONVERSION = YES;
				CLANG_WARN_INFINITE_RECURSION = YES;
				CLANG_WARN_INT_CONVERSION = YES;
				CLANG_WARN_OBJC_ROOT_CLASS = YES_ERROR;
				CLANG_WARN_SUSPICIOUS_MOVE = YES;
				CLANG_WARN_UNREACHABLE_CODE = YES;
				CLANG_WARN__DUPLICATE_METHOD_MATCH = YES;
				"CODE_SIGN_IDENTITY[sdk=iphoneos*]" = "iPhone Developer";
				COPY_PHASE_STRIP = NO;
				DEBUG_INFORMATION_FORMAT = "dwarf-with-dsym";
				ENABLE_NS_ASSERTIONS = NO;
				ENABLE_STRICT_OBJC_MSGSEND = YES;
				GCC_C_LANGUAGE_STANDARD = gnu99;
				GCC_NO_COMMON_BLOCKS = YES;
				GCC_WARN_64_TO_32_BIT_CONVERSION = YES;
				GCC_WARN_ABOUT_RETURN_TYPE = YES_ERROR;
				GCC_WARN_UNDECLARED_SELECTOR = YES;
				GCC_WARN_UNINITIALIZED_AUTOS = YES_AGGRESSIVE;
				GCC_WARN_UNUSED_FUNCTION = YES;
				GCC_WARN_UNUSED_VARIABLE = YES;
				IPHONEOS_DEPLOYMENT_TARGET = 10.2;
				MTL_ENABLE_DEBUG_INFO = NO;
				SDKROOT = iphoneos;
				SWIFT_OPTIMIZATION_LEVEL = "-Owholemodule";
				TARGETED_DEVICE_FAMILY = "1,2";
				VALIDATE_PRODUCT = YES;
			};
			name = Release;
		};
		9E2F67331F28ED6600586CDD /* Debug */ = {
			isa = XCBuildConfiguration;
			buildSettings = {
				ASSETCATALOG_COMPILER_APPICON_NAME = AppIcon;
				DEVELOPMENT_TEAM = "";
				INFOPLIST_FILE = OnTheMap/Info.plist;
				LD_RUNPATH_SEARCH_PATHS = "$(inherited) @executable_path/Frameworks";
				PRODUCT_BUNDLE_IDENTIFIER = Hasdfa.OnTheMap;
				PRODUCT_NAME = "$(TARGET_NAME)";
				PROVISIONING_PROFILE_SPECIFIER = "";
				SWIFT_VERSION = 3.0;
				TARGETED_DEVICE_FAMILY = 1;
			};
			name = Debug;
		};
		9E2F67341F28ED6600586CDD /* Release */ = {
			isa = XCBuildConfiguration;
			buildSettings = {
				ASSETCATALOG_COMPILER_APPICON_NAME = AppIcon;
				DEVELOPMENT_TEAM = "";
				INFOPLIST_FILE = OnTheMap/Info.plist;
				LD_RUNPATH_SEARCH_PATHS = "$(inherited) @executable_path/Frameworks";
				PRODUCT_BUNDLE_IDENTIFIER = Hasdfa.OnTheMap;
				PRODUCT_NAME = "$(TARGET_NAME)";
				PROVISIONING_PROFILE_SPECIFIER = "";
				SWIFT_VERSION = 3.0;
				TARGETED_DEVICE_FAMILY = 1;
			};
			name = Release;
		};
		9E2F67361F28ED6600586CDD /* Debug */ = {
			isa = XCBuildConfiguration;
			buildSettings = {
				ALWAYS_EMBED_SWIFT_STANDARD_LIBRARIES = YES;
				DEVELOPMENT_TEAM = 4C92LB6539;
				INFOPLIST_FILE = OnTheMapUITests/Info.plist;
				LD_RUNPATH_SEARCH_PATHS = "$(inherited) @executable_path/Frameworks @loader_path/Frameworks";
				PRODUCT_BUNDLE_IDENTIFIER = Hasdfa.OnTheMapUITests;
				PRODUCT_NAME = "$(TARGET_NAME)";
				SWIFT_VERSION = 3.0;
				TEST_TARGET_NAME = OnTheMap;
			};
			name = Debug;
		};
		9E2F67371F28ED6600586CDD /* Release */ = {
			isa = XCBuildConfiguration;
			buildSettings = {
				ALWAYS_EMBED_SWIFT_STANDARD_LIBRARIES = YES;
				DEVELOPMENT_TEAM = 4C92LB6539;
				INFOPLIST_FILE = OnTheMapUITests/Info.plist;
				LD_RUNPATH_SEARCH_PATHS = "$(inherited) @executable_path/Frameworks @loader_path/Frameworks";
				PRODUCT_BUNDLE_IDENTIFIER = Hasdfa.OnTheMapUITests;
				PRODUCT_NAME = "$(TARGET_NAME)";
				SWIFT_VERSION = 3.0;
				TEST_TARGET_NAME = OnTheMap;
			};
			name = Release;
		};
/* End XCBuildConfiguration section */

/* Begin XCConfigurationList section */
		9E2F670D1F28ED6500586CDD /* Build configuration list for PBXProject "OnTheMap" */ = {
			isa = XCConfigurationList;
			buildConfigurations = (
				9E2F67301F28ED6600586CDD /* Debug */,
				9E2F67311F28ED6600586CDD /* Release */,
			);
			defaultConfigurationIsVisible = 0;
			defaultConfigurationName = Release;
		};
		9E2F67321F28ED6600586CDD /* Build configuration list for PBXNativeTarget "OnTheMap" */ = {
			isa = XCConfigurationList;
			buildConfigurations = (
				9E2F67331F28ED6600586CDD /* Debug */,
				9E2F67341F28ED6600586CDD /* Release */,
			);
			defaultConfigurationIsVisible = 0;
			defaultConfigurationName = Release;
		};
		9E2F67351F28ED6600586CDD /* Build configuration list for PBXNativeTarget "OnTheMapUITests" */ = {
			isa = XCConfigurationList;
			buildConfigurations = (
				9E2F67361F28ED6600586CDD /* Debug */,
				9E2F67371F28ED6600586CDD /* Release */,
			);
			defaultConfigurationIsVisible = 0;
			defaultConfigurationName = Release;
		};
/* End XCConfigurationList section */

/* Begin XCVersionGroup section */
		9E2F671C1F28ED6600586CDD /* OnTheMap.xcdatamodeld */ = {
			isa = XCVersionGroup;
			children = (
				9E2F671D1F28ED6600586CDD /* OnTheMap.xcdatamodel */,
			);
			currentVersion = 9E2F671D1F28ED6600586CDD /* OnTheMap.xcdatamodel */;
			path = OnTheMap.xcdatamodeld;
			sourceTree = "<group>";
			versionGroupType = wrapper.xcdatamodel;
		};
/* End XCVersionGroup section */
	};
	rootObject = 9E2F670A1F28ED6500586CDD /* Project object */;
}
